
Microsoft Visual Studio Solution File, Format Version 12.00
# Visual Studio 2012
Project("{FAE04EC0-301F-11D3-BF4B-00C04F79EFBC}") = "MyLibrary", "MyLibrary\MyLibrary.csproj", "{207F7EB1-B998-43CA-8CA8-36E236544CA7}"
EndProject
Project("{FAE04EC0-301F-11D3-BF4B-00C04F79EFBC}") = "TestApp", "TestApp\TestApp.csproj", "{8D6B2B2A-18BF-4772-BC08-510729985B74}"
EndProject
Global
	GlobalSection(SolutionConfigurationPlatforms) = preSolution
		Debug|Any CPU = Debug|Any CPU
		Release|Any CPU = Release|Any CPU
	EndGlobalSection
	GlobalSection(ProjectConfigurationPlatforms) = postSolution
		{207F7EB1-B998-43CA-8CA8-36E236544CA7}.Debug|Any CPU.ActiveCfg = Debug|Any CPU
		{207F7EB1-B998-43CA-8CA8-36E236544CA7}.Debug|Any CPU.Build.0 = Debug|Any CPU
		{207F7EB1-B998-43CA-8CA8-36E236544CA7}.Release|Any CPU.ActiveCfg = Release|Any CPU
		{207F7EB1-B998-43CA-8CA8-36E236544CA7}.Release|Any CPU.Build.0 = Release|Any CPU
		{8D6B2B2A-18BF-4772-BC08-510729985B74}.Debug|Any CPU.ActiveCfg = Debug|Any CPU
		{8D6B2B2A-18BF-4772-BC08-510729985B74}.Debug|Any CPU.Build.0 = Debug|Any CPU
		{8D6B2B2A-18BF-4772-BC08-510729985B74}.Release|Any CPU.ActiveCfg = Release|Any CPU
		{8D6B2B2A-18BF-4772-BC08-510729985B74}.Release|Any CPU.Build.0 = Release|Any CPU
	EndGlobalSection
	GlobalSection(SolutionProperties) = preSolution
		HideSolutionNode = FALSE
	EndGlobalSection
EndGlobal
